{
  "object": {
    "pins": [
      {
        "package": "CWasm3",
        "repositoryURL": "https://github.com/kevinzhow/cwasm3.git",
        "state": {
          "branch": null,
          "revision": "bb7c0f171c24be3318203b4d993c6a597c4c385d",
          "version": "0.5.5"
        }
      },
      {
        "package": "Synchronized",
        "repositoryURL": "https://github.com/shareup/synchronized.git",
        "state": {
          "branch": null,
          "revision": "f01e4a1ee5fbf586d612a8dc0bc068603f6b9450",
          "version": "3.0.0"
        }
      }
    ]
  },
  "version": 1
}
