{
  "object": {
    "pins": [
      {
        "package": "CWasm3",
        "repositoryURL": "https://github.com/kevinzhow/cwasm3.git",
        "state": {
          "branch": null,
          "revision": "709b71253e1e4b6e39d75b878040250898ef9ff8",
          "version": "0.5.4"
        }
      },
      {
        "package": "Synchronized",
        "repositoryURL": "https://github.com/shareup/synchronized.git",
        "state": {
          "branch": null,
          "revision": "f01e4a1ee5fbf586d612a8dc0bc068603f6b9450",
          "version": "3.0.0"
        }
      }
    ]
  },
  "version": 1
}
