{
  "object": {
    "pins": [
      {
        "package": "CWasm3",
        "repositoryURL": "https://github.com/kevinzhow/cwasm3.git",
        "state": {
          "branch": null,
          "revision": "39cd1a8fc80950e029ebdb4435d93134ae08c4aa",
          "version": "0.5.3"
        }
      },
      {
        "package": "Synchronized",
        "repositoryURL": "https://github.com/shareup/synchronized.git",
        "state": {
          "branch": null,
          "revision": "f01e4a1ee5fbf586d612a8dc0bc068603f6b9450",
          "version": "3.0.0"
        }
      }
    ]
  },
  "version": 1
}
